
Microsoft Visual Studio Solution File, Format Version 12.00
# Visual Studio 2013
VisualStudioVersion = 12.0.31101.0
MinimumVisualStudioVersion = 10.0.40219.1
Project("{2150E333-8FDC-42A3-9474-1A3956D46DE8}") = "Solution files", "Solution files", "{65BE6DB2-1FC4-4221-BECD-6231D28B3F70}"
	ProjectSection(SolutionItems) = preProject
		.gitignore = .gitignore
		Changes.md = Changes.md
		Init.bat = Init.bat
		KarmaTestAdapter.schema.json = KarmaTestAdapter.schema.json
		LICENSE = LICENSE
		README.md = README.md
	EndProjectSection
EndProject
Project("{2150E333-8FDC-42A3-9474-1A3956D46DE8}") = ".nuget", ".nuget", "{592DF928-C74B-4CB2-8B55-C00BB2304673}"
EndProject
Project("{2150E333-8FDC-42A3-9474-1A3956D46DE8}") = "Tools", "Tools", "{B624A6AE-2C96-48E5-8D80-C6E89FAB082C}"
EndProject
Project("{FAE04EC0-301F-11D3-BF4B-00C04F79EFBC}") = "KarmaTestAdapter", "KarmaTestAdapter\KarmaTestAdapter.csproj", "{7810C732-F9A2-40EC-910D-DE3B9F50F8E1}"
EndProject
Project("{FAE04EC0-301F-11D3-BF4B-00C04F79EFBC}") = "KarmaTestAdapterTests", "KarmaTestAdapterTests\KarmaTestAdapterTests.csproj", "{4E8EA2B4-03F6-46F7-861B-C2BAF15BAFF2}"
EndProject
Project("{FAE04EC0-301F-11D3-BF4B-00C04F79EFBC}") = "KarmaServer", "KarmaServer\KarmaServer.csproj", "{F305C5A5-7382-4A0C-A88D-FA6EFD52592B}"
EndProject
Project("{2150E333-8FDC-42A3-9474-1A3956D46DE8}") = "Root-VSIX-12.0", "Root-VSIX-12.0", "{FF6C9F55-FA4A-4755-8754-7F17A2B2969E}"
	ProjectSection(SolutionItems) = preProject
		Tools\Root-VSIX-12.0\.gitignore = Tools\Root-VSIX-12.0\.gitignore
		Tools\Root-VSIX-12.0\Root-VSIX.exe = Tools\Root-VSIX-12.0\Root-VSIX.exe
		Tools\Root-VSIX-12.0\Root-VSIX.exe.config = Tools\Root-VSIX-12.0\Root-VSIX.exe.config
		Tools\Root-VSIX-12.0\Root-VSIX.pdb = Tools\Root-VSIX-12.0\Root-VSIX.pdb
		Tools\Root-VSIX-12.0\Root-VSIX.vshost.exe = Tools\Root-VSIX-12.0\Root-VSIX.vshost.exe
		Tools\Root-VSIX-12.0\Root-VSIX.vshost.exe.manifest = Tools\Root-VSIX-12.0\Root-VSIX.vshost.exe.manifest
		Tools\Root-VSIX-12.0\Shell.Interop.dll = Tools\Root-VSIX-12.0\Shell.Interop.dll
		Tools\Root-VSIX-12.0\Shell.Interop.pdb = Tools\Root-VSIX-12.0\Shell.Interop.pdb
	EndProjectSection
EndProject
Project("{2150E333-8FDC-42A3-9474-1A3956D46DE8}") = "Root-VSIX-14.0", "Root-VSIX-14.0", "{3E68A5D1-8C11-4096-B355-7FF2CF4F3D9E}"
	ProjectSection(SolutionItems) = preProject
		Tools\Root-VSIX-14.0\.gitignore = Tools\Root-VSIX-14.0\.gitignore
		Tools\Root-VSIX-14.0\Root-VSIX.exe = Tools\Root-VSIX-14.0\Root-VSIX.exe
		Tools\Root-VSIX-14.0\Root-VSIX.exe.config = Tools\Root-VSIX-14.0\Root-VSIX.exe.config
		Tools\Root-VSIX-14.0\Root-VSIX.pdb = Tools\Root-VSIX-14.0\Root-VSIX.pdb
		Tools\Root-VSIX-14.0\Shell.Interop.dll = Tools\Root-VSIX-14.0\Shell.Interop.dll
		Tools\Root-VSIX-14.0\Shell.Interop.pdb = Tools\Root-VSIX-14.0\Shell.Interop.pdb
	EndProjectSection
EndProject
Project("{FAE04EC0-301F-11D3-BF4B-00C04F79EFBC}") = "NpmProxy", "NpmProxy\NpmProxy.csproj", "{65F8EF17-76CF-4F2F-9D3E-55CC1C95D065}"
EndProject
Project("{FAE04EC0-301F-11D3-BF4B-00C04F79EFBC}") = "NpmProxyTests", "NpmProxyTests\NpmProxyTests.csproj", "{6109A014-AD9B-4EC0-AEBD-816FAECDA267}"
EndProject
Project("{FAE04EC0-301F-11D3-BF4B-00C04F79EFBC}") = "JsTestAdapter", "JsTestAdapter\JsTestAdapter.csproj", "{988CC656-0AF1-4F93-9D47-508FFE2877FA}"
EndProject
Global
	GlobalSection(SolutionConfigurationPlatforms) = preSolution
		Debug|Any CPU = Debug|Any CPU
		Release|Any CPU = Release|Any CPU
	EndGlobalSection
	GlobalSection(ProjectConfigurationPlatforms) = postSolution
		{7810C732-F9A2-40EC-910D-DE3B9F50F8E1}.Debug|Any CPU.ActiveCfg = Debug|Any CPU
		{7810C732-F9A2-40EC-910D-DE3B9F50F8E1}.Debug|Any CPU.Build.0 = Debug|Any CPU
		{7810C732-F9A2-40EC-910D-DE3B9F50F8E1}.Release|Any CPU.ActiveCfg = Release|Any CPU
		{7810C732-F9A2-40EC-910D-DE3B9F50F8E1}.Release|Any CPU.Build.0 = Release|Any CPU
		{4E8EA2B4-03F6-46F7-861B-C2BAF15BAFF2}.Debug|Any CPU.ActiveCfg = Debug|Any CPU
		{4E8EA2B4-03F6-46F7-861B-C2BAF15BAFF2}.Debug|Any CPU.Build.0 = Debug|Any CPU
		{4E8EA2B4-03F6-46F7-861B-C2BAF15BAFF2}.Release|Any CPU.ActiveCfg = Release|Any CPU
		{4E8EA2B4-03F6-46F7-861B-C2BAF15BAFF2}.Release|Any CPU.Build.0 = Release|Any CPU
		{F305C5A5-7382-4A0C-A88D-FA6EFD52592B}.Debug|Any CPU.ActiveCfg = Debug|Any CPU
		{F305C5A5-7382-4A0C-A88D-FA6EFD52592B}.Debug|Any CPU.Build.0 = Debug|Any CPU
		{F305C5A5-7382-4A0C-A88D-FA6EFD52592B}.Release|Any CPU.ActiveCfg = Release|Any CPU
		{F305C5A5-7382-4A0C-A88D-FA6EFD52592B}.Release|Any CPU.Build.0 = Release|Any CPU
		{65F8EF17-76CF-4F2F-9D3E-55CC1C95D065}.Debug|Any CPU.ActiveCfg = Debug|Any CPU
		{65F8EF17-76CF-4F2F-9D3E-55CC1C95D065}.Debug|Any CPU.Build.0 = Debug|Any CPU
		{65F8EF17-76CF-4F2F-9D3E-55CC1C95D065}.Release|Any CPU.ActiveCfg = Release|Any CPU
		{65F8EF17-76CF-4F2F-9D3E-55CC1C95D065}.Release|Any CPU.Build.0 = Release|Any CPU
		{6109A014-AD9B-4EC0-AEBD-816FAECDA267}.Debug|Any CPU.ActiveCfg = Debug|Any CPU
		{6109A014-AD9B-4EC0-AEBD-816FAECDA267}.Debug|Any CPU.Build.0 = Debug|Any CPU
		{6109A014-AD9B-4EC0-AEBD-816FAECDA267}.Release|Any CPU.ActiveCfg = Release|Any CPU
		{6109A014-AD9B-4EC0-AEBD-816FAECDA267}.Release|Any CPU.Build.0 = Release|Any CPU
		{988CC656-0AF1-4F93-9D47-508FFE2877FA}.Debug|Any CPU.ActiveCfg = Debug|Any CPU
		{988CC656-0AF1-4F93-9D47-508FFE2877FA}.Debug|Any CPU.Build.0 = Debug|Any CPU
		{988CC656-0AF1-4F93-9D47-508FFE2877FA}.Release|Any CPU.ActiveCfg = Release|Any CPU
		{988CC656-0AF1-4F93-9D47-508FFE2877FA}.Release|Any CPU.Build.0 = Release|Any CPU
	EndGlobalSection
	GlobalSection(SolutionProperties) = preSolution
		HideSolutionNode = FALSE
	EndGlobalSection
	GlobalSection(NestedProjects) = preSolution
		{FF6C9F55-FA4A-4755-8754-7F17A2B2969E} = {B624A6AE-2C96-48E5-8D80-C6E89FAB082C}
		{3E68A5D1-8C11-4096-B355-7FF2CF4F3D9E} = {B624A6AE-2C96-48E5-8D80-C6E89FAB082C}
	EndGlobalSection
EndGlobal
