
Microsoft Visual Studio Solution File, Format Version 12.00
# Visual Studio 2013
VisualStudioVersion = 12.0.31101.0
MinimumVisualStudioVersion = 10.0.40219.1
Project("{FAE04EC0-301F-11D3-BF4B-00C04F79EFBC}") = "DifferentKarmaConfigNameTests", "DifferentKarmaConfigNameTests\DifferentKarmaConfigNameTests.csproj", "{51471B65-879A-4E57-9F71-B641019BDB3F}"
EndProject
Project("{FAE04EC0-301F-11D3-BF4B-00C04F79EFBC}") = "JasmineRequireTypescriptTests", "JasmineRequireTypescriptTests\JasmineRequireTypescriptTests.csproj", "{52D3B0DC-4C96-4D9E-90AE-02ACCB396307}"
EndProject
Project("{FAE04EC0-301F-11D3-BF4B-00C04F79EFBC}") = "JasmineTypescriptTests", "JasmineTypescriptTests\JasmineTypescriptTests.csproj", "{A632FA9A-5CC6-432E-9F49-4808B6A0BFD3}"
EndProject
Project("{FAE04EC0-301F-11D3-BF4B-00C04F79EFBC}") = "NoKarmaTestAdapterSettings", "NoKarmaTestAdapterSettings\NoKarmaTestAdapterSettings.csproj", "{81E39E37-6FF1-4F38-88A3-D6C97E7183A7}"
EndProject
Project("{FAE04EC0-301F-11D3-BF4B-00C04F79EFBC}") = "KarmaRequireJasmine", "KarmaRequireJasmine\KarmaRequireJasmine.csproj", "{2F5C257C-7BA1-4BF8-BC2F-F1402331017F}"
EndProject
Global
	GlobalSection(SolutionConfigurationPlatforms) = preSolution
		Debug|Any CPU = Debug|Any CPU
		Release|Any CPU = Release|Any CPU
	EndGlobalSection
	GlobalSection(ProjectConfigurationPlatforms) = postSolution
		{51471B65-879A-4E57-9F71-B641019BDB3F}.Debug|Any CPU.ActiveCfg = Debug|Any CPU
		{51471B65-879A-4E57-9F71-B641019BDB3F}.Debug|Any CPU.Build.0 = Debug|Any CPU
		{51471B65-879A-4E57-9F71-B641019BDB3F}.Release|Any CPU.ActiveCfg = Release|Any CPU
		{51471B65-879A-4E57-9F71-B641019BDB3F}.Release|Any CPU.Build.0 = Release|Any CPU
		{52D3B0DC-4C96-4D9E-90AE-02ACCB396307}.Debug|Any CPU.ActiveCfg = Debug|Any CPU
		{52D3B0DC-4C96-4D9E-90AE-02ACCB396307}.Debug|Any CPU.Build.0 = Debug|Any CPU
		{52D3B0DC-4C96-4D9E-90AE-02ACCB396307}.Release|Any CPU.ActiveCfg = Release|Any CPU
		{52D3B0DC-4C96-4D9E-90AE-02ACCB396307}.Release|Any CPU.Build.0 = Release|Any CPU
		{A632FA9A-5CC6-432E-9F49-4808B6A0BFD3}.Debug|Any CPU.ActiveCfg = Debug|Any CPU
		{A632FA9A-5CC6-432E-9F49-4808B6A0BFD3}.Debug|Any CPU.Build.0 = Debug|Any CPU
		{A632FA9A-5CC6-432E-9F49-4808B6A0BFD3}.Release|Any CPU.ActiveCfg = Release|Any CPU
		{A632FA9A-5CC6-432E-9F49-4808B6A0BFD3}.Release|Any CPU.Build.0 = Release|Any CPU
		{81E39E37-6FF1-4F38-88A3-D6C97E7183A7}.Debug|Any CPU.ActiveCfg = Debug|Any CPU
		{81E39E37-6FF1-4F38-88A3-D6C97E7183A7}.Debug|Any CPU.Build.0 = Debug|Any CPU
		{81E39E37-6FF1-4F38-88A3-D6C97E7183A7}.Release|Any CPU.ActiveCfg = Release|Any CPU
		{81E39E37-6FF1-4F38-88A3-D6C97E7183A7}.Release|Any CPU.Build.0 = Release|Any CPU
		{2F5C257C-7BA1-4BF8-BC2F-F1402331017F}.Debug|Any CPU.ActiveCfg = Debug|Any CPU
		{2F5C257C-7BA1-4BF8-BC2F-F1402331017F}.Debug|Any CPU.Build.0 = Debug|Any CPU
		{2F5C257C-7BA1-4BF8-BC2F-F1402331017F}.Release|Any CPU.ActiveCfg = Release|Any CPU
		{2F5C257C-7BA1-4BF8-BC2F-F1402331017F}.Release|Any CPU.Build.0 = Release|Any CPU
	EndGlobalSection
	GlobalSection(SolutionProperties) = preSolution
		HideSolutionNode = FALSE
	EndGlobalSection
EndGlobal
