
Microsoft Visual Studio Solution File, Format Version 12.00
# Visual Studio 2013
VisualStudioVersion = 12.0.31101.0
MinimumVisualStudioVersion = 10.0.40219.1
Project("{FAE04EC0-301F-11D3-BF4B-00C04F79EFBC}") = "JasmineTypescriptTests", "JasmineTypescriptTests\JasmineTypescriptTests.csproj", "{A632FA9A-5CC6-432E-9F49-4808B6A0BFD3}"
EndProject
Project("{FAE04EC0-301F-11D3-BF4B-00C04F79EFBC}") = "JasmineRequireTypescriptTests", "JasmineRequireTypescriptTests\JasmineRequireTypescriptTests.csproj", "{52D3B0DC-4C96-4D9E-90AE-02ACCB396307}"
EndProject
Global
	GlobalSection(SolutionConfigurationPlatforms) = preSolution
		Debug|Any CPU = Debug|Any CPU
		Release|Any CPU = Release|Any CPU
	EndGlobalSection
	GlobalSection(ProjectConfigurationPlatforms) = postSolution
		{A632FA9A-5CC6-432E-9F49-4808B6A0BFD3}.Debug|Any CPU.ActiveCfg = Debug|Any CPU
		{A632FA9A-5CC6-432E-9F49-4808B6A0BFD3}.Debug|Any CPU.Build.0 = Debug|Any CPU
		{A632FA9A-5CC6-432E-9F49-4808B6A0BFD3}.Release|Any CPU.ActiveCfg = Release|Any CPU
		{A632FA9A-5CC6-432E-9F49-4808B6A0BFD3}.Release|Any CPU.Build.0 = Release|Any CPU
		{52D3B0DC-4C96-4D9E-90AE-02ACCB396307}.Debug|Any CPU.ActiveCfg = Debug|Any CPU
		{52D3B0DC-4C96-4D9E-90AE-02ACCB396307}.Debug|Any CPU.Build.0 = Debug|Any CPU
		{52D3B0DC-4C96-4D9E-90AE-02ACCB396307}.Release|Any CPU.ActiveCfg = Release|Any CPU
		{52D3B0DC-4C96-4D9E-90AE-02ACCB396307}.Release|Any CPU.Build.0 = Release|Any CPU
	EndGlobalSection
	GlobalSection(SolutionProperties) = preSolution
		HideSolutionNode = FALSE
	EndGlobalSection
EndGlobal
